
Microsoft Visual Studio Solution File, Format Version 12.00
# Visual Studio Version 16
VisualStudioVersion = 16.0.30717.126
MinimumVisualStudioVersion = 10.0.40219.1
Project("{FAE04EC0-301F-11D3-BF4B-00C04F79EFBC}") = "DataSource-InMemory", "DataSource-InMemory\DataSource-InMemory.csproj", "{1EB4F286-C901-46EF-BD76-16F36891FC65}"
EndProject
Global
	GlobalSection(SolutionConfigurationPlatforms) = preSolution
		Debug|Any CPU = Debug|Any CPU
		Release|Any CPU = Release|Any CPU
	EndGlobalSection
	GlobalSection(ProjectConfigurationPlatforms) = postSolution
		{1EB4F286-C901-46EF-BD76-16F36891FC65}.Debug|Any CPU.ActiveCfg = Debug|Any CPU
		{1EB4F286-C901-46EF-BD76-16F36891FC65}.Debug|Any CPU.Build.0 = Debug|Any CPU
		{1EB4F286-C901-46EF-BD76-16F36891FC65}.Release|Any CPU.ActiveCfg = Release|Any CPU
		{1EB4F286-C901-46EF-BD76-16F36891FC65}.Release|Any CPU.Build.0 = Release|Any CPU
	EndGlobalSection
	GlobalSection(SolutionProperties) = preSolution
		HideSolutionNode = FALSE
	EndGlobalSection
	GlobalSection(ExtensibilityGlobals) = postSolution
		SolutionGuid = {830EFC0A-785C-4A5A-8442-D41CC1FA1450}
	EndGlobalSection
EndGlobal
