
Microsoft Visual Studio Solution File, Format Version 12.00
# Visual Studio Version 16
VisualStudioVersion = 16.0.31205.134
MinimumVisualStudioVersion = 10.0.40219.1
Project("{FAE04EC0-301F-11D3-BF4B-00C04F79EFBC}") = "SavingDashboards", "SavingDashboards\SavingDashboards.csproj", "{C2D00508-AAEA-4F39-8A82-C28B4971A497}"
EndProject
Global
	GlobalSection(SolutionConfigurationPlatforms) = preSolution
		Debug|Any CPU = Debug|Any CPU
		Release|Any CPU = Release|Any CPU
	EndGlobalSection
	GlobalSection(ProjectConfigurationPlatforms) = postSolution
		{C2D00508-AAEA-4F39-8A82-C28B4971A497}.Debug|Any CPU.ActiveCfg = Debug|Any CPU
		{C2D00508-AAEA-4F39-8A82-C28B4971A497}.Debug|Any CPU.Build.0 = Debug|Any CPU
		{C2D00508-AAEA-4F39-8A82-C28B4971A497}.Release|Any CPU.ActiveCfg = Release|Any CPU
		{C2D00508-AAEA-4F39-8A82-C28B4971A497}.Release|Any CPU.Build.0 = Release|Any CPU
	EndGlobalSection
	GlobalSection(SolutionProperties) = preSolution
		HideSolutionNode = FALSE
	EndGlobalSection
	GlobalSection(ExtensibilityGlobals) = postSolution
		SolutionGuid = {90B82B80-9AC7-4EA9-A97B-A34F82FBAF41}
	EndGlobalSection
EndGlobal
