
Microsoft Visual Studio Solution File, Format Version 12.00
# Visual Studio Version 16
VisualStudioVersion = 16.0.31515.178
MinimumVisualStudioVersion = 10.0.40219.1
Project("{FAE04EC0-301F-11D3-BF4B-00C04F79EFBC}") = "Tooltips", "Tooltips\Tooltips.csproj", "{751F8245-5B39-4833-A202-04A71D398589}"
EndProject
Global
	GlobalSection(SolutionConfigurationPlatforms) = preSolution
		Debug|Any CPU = Debug|Any CPU
		Release|Any CPU = Release|Any CPU
	EndGlobalSection
	GlobalSection(ProjectConfigurationPlatforms) = postSolution
		{751F8245-5B39-4833-A202-04A71D398589}.Debug|Any CPU.ActiveCfg = Debug|Any CPU
		{751F8245-5B39-4833-A202-04A71D398589}.Debug|Any CPU.Build.0 = Debug|Any CPU
		{751F8245-5B39-4833-A202-04A71D398589}.Release|Any CPU.ActiveCfg = Release|Any CPU
		{751F8245-5B39-4833-A202-04A71D398589}.Release|Any CPU.Build.0 = Release|Any CPU
	EndGlobalSection
	GlobalSection(SolutionProperties) = preSolution
		HideSolutionNode = FALSE
	EndGlobalSection
	GlobalSection(ExtensibilityGlobals) = postSolution
		SolutionGuid = {99CC8947-C4AF-44A3-9915-E01D171271DC}
	EndGlobalSection
EndGlobal
