
Microsoft Visual Studio Solution File, Format Version 12.00
# Visual Studio Version 16
VisualStudioVersion = 16.0.30225.117
MinimumVisualStudioVersion = 10.0.40219.1
Project("{FAE04EC0-301F-11D3-BF4B-00C04F79EFBC}") = "DataSource-OneDrive", "DataSource-OneDrive.csproj", "{D8AAD4BE-BD34-492C-8E93-DC489B9BC21C}"
EndProject
Global
	GlobalSection(SolutionConfigurationPlatforms) = preSolution
		Debug|Any CPU = Debug|Any CPU
		Release|Any CPU = Release|Any CPU
	EndGlobalSection
	GlobalSection(ProjectConfigurationPlatforms) = postSolution
		{D8AAD4BE-BD34-492C-8E93-DC489B9BC21C}.Debug|Any CPU.ActiveCfg = Debug|Any CPU
		{D8AAD4BE-BD34-492C-8E93-DC489B9BC21C}.Debug|Any CPU.Build.0 = Debug|Any CPU
		{D8AAD4BE-BD34-492C-8E93-DC489B9BC21C}.Release|Any CPU.ActiveCfg = Release|Any CPU
		{D8AAD4BE-BD34-492C-8E93-DC489B9BC21C}.Release|Any CPU.Build.0 = Release|Any CPU
	EndGlobalSection
	GlobalSection(SolutionProperties) = preSolution
		HideSolutionNode = FALSE
	EndGlobalSection
	GlobalSection(ExtensibilityGlobals) = postSolution
		SolutionGuid = {4A677EFA-1142-458A-9F29-B2F6938A54C8}
	EndGlobalSection
EndGlobal
