
Microsoft Visual Studio Solution File, Format Version 12.00
# Visual Studio Version 16
VisualStudioVersion = 16.0.30717.126
MinimumVisualStudioVersion = 10.0.40219.1
Project("{FAE04EC0-301F-11D3-BF4B-00C04F79EFBC}") = "DataSource-InMemory-FromGrid", "DataSource-InMemory-FromGrid\DataSource-InMemory-FromGrid.csproj", "{21E9BA69-CD4F-49DB-AFC6-C65874799593}"
EndProject
Global
	GlobalSection(SolutionConfigurationPlatforms) = preSolution
		Debug|Any CPU = Debug|Any CPU
		Release|Any CPU = Release|Any CPU
	EndGlobalSection
	GlobalSection(ProjectConfigurationPlatforms) = postSolution
		{21E9BA69-CD4F-49DB-AFC6-C65874799593}.Debug|Any CPU.ActiveCfg = Debug|Any CPU
		{21E9BA69-CD4F-49DB-AFC6-C65874799593}.Debug|Any CPU.Build.0 = Debug|Any CPU
		{21E9BA69-CD4F-49DB-AFC6-C65874799593}.Release|Any CPU.ActiveCfg = Release|Any CPU
		{21E9BA69-CD4F-49DB-AFC6-C65874799593}.Release|Any CPU.Build.0 = Release|Any CPU
	EndGlobalSection
	GlobalSection(SolutionProperties) = preSolution
		HideSolutionNode = FALSE
	EndGlobalSection
	GlobalSection(ExtensibilityGlobals) = postSolution
		SolutionGuid = {A190E49F-1CE5-4D60-9E71-43572E489B13}
	EndGlobalSection
EndGlobal
